
Microsoft Visual Studio Solution File, Format Version 12.00
# Visual Studio Version 17
VisualStudioVersion = 17.7.34221.43
MinimumVisualStudioVersion = 10.0.40219.1
Project("{FAE04EC0-301F-11D3-BF4B-00C04F79EFBC}") = "WpfApp5", "WpfApp5\WpfApp5.csproj", "{D0A02E64-1E7B-4910-A2F5-555AEEAF2F29}"
EndProject
Global
	GlobalSection(SolutionConfigurationPlatforms) = preSolution
		Debug|Any CPU = Debug|Any CPU
		Release|Any CPU = Release|Any CPU
	EndGlobalSection
	GlobalSection(ProjectConfigurationPlatforms) = postSolution
		{D0A02E64-1E7B-4910-A2F5-555AEEAF2F29}.Debug|Any CPU.ActiveCfg = Debug|Any CPU
		{D0A02E64-1E7B-4910-A2F5-555AEEAF2F29}.Debug|Any CPU.Build.0 = Debug|Any CPU
		{D0A02E64-1E7B-4910-A2F5-555AEEAF2F29}.Release|Any CPU.ActiveCfg = Release|Any CPU
		{D0A02E64-1E7B-4910-A2F5-555AEEAF2F29}.Release|Any CPU.Build.0 = Release|Any CPU
	EndGlobalSection
	GlobalSection(SolutionProperties) = preSolution
		HideSolutionNode = FALSE
	EndGlobalSection
	GlobalSection(ExtensibilityGlobals) = postSolution
		SolutionGuid = {78208604-CDC3-4DAF-B36B-D808EED7FE75}
	EndGlobalSection
EndGlobal
