
Microsoft Visual Studio Solution File, Format Version 12.00
# Visual Studio Version 17
VisualStudioVersion = 17.7.34221.43
MinimumVisualStudioVersion = 10.0.40219.1
Project("{FAE04EC0-301F-11D3-BF4B-00C04F79EFBC}") = "WpfApp4", "WpfApp4\WpfApp4.csproj", "{66CA6228-076D-48F3-8647-A5860FDEBC84}"
EndProject
Global
	GlobalSection(SolutionConfigurationPlatforms) = preSolution
		Debug|Any CPU = Debug|Any CPU
		Release|Any CPU = Release|Any CPU
	EndGlobalSection
	GlobalSection(ProjectConfigurationPlatforms) = postSolution
		{66CA6228-076D-48F3-8647-A5860FDEBC84}.Debug|Any CPU.ActiveCfg = Debug|Any CPU
		{66CA6228-076D-48F3-8647-A5860FDEBC84}.Debug|Any CPU.Build.0 = Debug|Any CPU
		{66CA6228-076D-48F3-8647-A5860FDEBC84}.Release|Any CPU.ActiveCfg = Release|Any CPU
		{66CA6228-076D-48F3-8647-A5860FDEBC84}.Release|Any CPU.Build.0 = Release|Any CPU
	EndGlobalSection
	GlobalSection(SolutionProperties) = preSolution
		HideSolutionNode = FALSE
	EndGlobalSection
	GlobalSection(ExtensibilityGlobals) = postSolution
		SolutionGuid = {86027372-0049-43C1-9692-56A4DAAA44CC}
	EndGlobalSection
EndGlobal
